
Microsoft Visual Studio Solution File, Format Version 12.00
# Visual Studio Version 16
VisualStudioVersion = 16.0.32106.194
MinimumVisualStudioVersion = 10.0.40219.1
Project("{FAE04EC0-301F-11D3-BF4B-00C04F79EFBC}") = "fever", "fever\fever.csproj", "{4EF230C3-51D6-4110-962E-C840969CDE51}"
EndProject
Global
	GlobalSection(SolutionConfigurationPlatforms) = preSolution
		Debug|Any CPU = Debug|Any CPU
		Release|Any CPU = Release|Any CPU
	EndGlobalSection
	GlobalSection(ProjectConfigurationPlatforms) = postSolution
		{4EF230C3-51D6-4110-962E-C840969CDE51}.Debug|Any CPU.ActiveCfg = Debug|Any CPU
		{4EF230C3-51D6-4110-962E-C840969CDE51}.Debug|Any CPU.Build.0 = Debug|Any CPU
		{4EF230C3-51D6-4110-962E-C840969CDE51}.Release|Any CPU.ActiveCfg = Release|Any CPU
		{4EF230C3-51D6-4110-962E-C840969CDE51}.Release|Any CPU.Build.0 = Release|Any CPU
	EndGlobalSection
	GlobalSection(SolutionProperties) = preSolution
		HideSolutionNode = FALSE
	EndGlobalSection
	GlobalSection(ExtensibilityGlobals) = postSolution
		SolutionGuid = {10A09DFE-83A2-41E6-A06F-837DC261B8D9}
	EndGlobalSection
EndGlobal
